
Microsoft Visual Studio Solution File, Format Version 12.00
# Visual Studio 2013
VisualStudioVersion = 12.0.31101.0
MinimumVisualStudioVersion = 10.0.40219.1
Project("{FAE04EC0-301F-11D3-BF4B-00C04F79EFBC}") = "obismey.actuarialtools.core", "obismey.actuarialtools.core\obismey.actuarialtools.core.csproj", "{9554CCDC-5175-4643-B19F-03E7F1C21B48}"
EndProject
Project("{FAE04EC0-301F-11D3-BF4B-00C04F79EFBC}") = "obismey.actuarialtools.desktop.core", "obismey.actuarialtools.desktop.core\obismey.actuarialtools.desktop.core.csproj", "{B7F60A91-B0DF-4C2F-A844-D5123EFDFEC3}"
EndProject
Project("{FAE04EC0-301F-11D3-BF4B-00C04F79EFBC}") = "obismey.actuarialtools.desktop", "obismey.actuarialtools.desktop\obismey.actuarialtools.desktop.csproj", "{2B772378-A2AF-4474-8458-047BF8A06CCD}"
EndProject
Project("{2150E333-8FDC-42A3-9474-1A3956D46DE8}") = "Docs", "Docs", "{203F6DE2-C45D-4F47-9046-6058EA0E380D}"
	ProjectSection(SolutionItems) = preProject
		Docs\ChainLadder_Markus_20090724.pdf = Docs\ChainLadder_Markus_20090724.pdf
		Docs\Plan_Action.xlsm = Docs\Plan_Action.xlsm
		Docs\RChainLadder-01.pdf = Docs\RChainLadder-01.pdf
		Docs\RChainLadder-02.pdf = Docs\RChainLadder-02.pdf
		Docs\StandardAnalysisView.xaml = Docs\StandardAnalysisView.xaml
		Docs\StandardAnalysisView.xaml.vb = Docs\StandardAnalysisView.xaml.vb
	EndProjectSection
EndProject
Project("{2150E333-8FDC-42A3-9474-1A3956D46DE8}") = "Plugins", "Plugins", "{4C7ADA79-510C-4252-A774-98F3ABFED46D}"
EndProject
Project("{FAE04EC0-301F-11D3-BF4B-00C04F79EFBC}") = "obismey.actuarialtools.plugins.example", "obismey.actuarialtools.plugins.example\obismey.actuarialtools.plugins.example.csproj", "{0CAB1E5D-11BC-4922-992B-9AF575ED7D63}"
EndProject
Project("{FAE04EC0-301F-11D3-BF4B-00C04F79EFBC}") = "obismey.actuarialtools.plugins.reserving", "obismey.actuarialtools.plugins.reserving\obismey.actuarialtools.plugins.reserving.csproj", "{24A04659-86F4-4718-81CC-308BE0B8BCE7}"
EndProject
Project("{FAE04EC0-301F-11D3-BF4B-00C04F79EFBC}") = "obismey.actuarialtools.plugins.reserving.core", "obismey.actuarialtools.plugins.reserving.core\obismey.actuarialtools.plugins.reserving.core.csproj", "{D1A0A9F6-3BD8-4659-9C2A-AA9FE05C19F0}"
EndProject
Global
	GlobalSection(SolutionConfigurationPlatforms) = preSolution
		Debug|Any CPU = Debug|Any CPU
		Release|Any CPU = Release|Any CPU
	EndGlobalSection
	GlobalSection(ProjectConfigurationPlatforms) = postSolution
		{9554CCDC-5175-4643-B19F-03E7F1C21B48}.Debug|Any CPU.ActiveCfg = Debug|Any CPU
		{9554CCDC-5175-4643-B19F-03E7F1C21B48}.Debug|Any CPU.Build.0 = Debug|Any CPU
		{9554CCDC-5175-4643-B19F-03E7F1C21B48}.Release|Any CPU.ActiveCfg = Release|Any CPU
		{9554CCDC-5175-4643-B19F-03E7F1C21B48}.Release|Any CPU.Build.0 = Release|Any CPU
		{B7F60A91-B0DF-4C2F-A844-D5123EFDFEC3}.Debug|Any CPU.ActiveCfg = Debug|Any CPU
		{B7F60A91-B0DF-4C2F-A844-D5123EFDFEC3}.Debug|Any CPU.Build.0 = Debug|Any CPU
		{B7F60A91-B0DF-4C2F-A844-D5123EFDFEC3}.Release|Any CPU.ActiveCfg = Release|Any CPU
		{B7F60A91-B0DF-4C2F-A844-D5123EFDFEC3}.Release|Any CPU.Build.0 = Release|Any CPU
		{2B772378-A2AF-4474-8458-047BF8A06CCD}.Debug|Any CPU.ActiveCfg = Debug|Any CPU
		{2B772378-A2AF-4474-8458-047BF8A06CCD}.Debug|Any CPU.Build.0 = Debug|Any CPU
		{2B772378-A2AF-4474-8458-047BF8A06CCD}.Release|Any CPU.ActiveCfg = Release|Any CPU
		{2B772378-A2AF-4474-8458-047BF8A06CCD}.Release|Any CPU.Build.0 = Release|Any CPU
		{0CAB1E5D-11BC-4922-992B-9AF575ED7D63}.Debug|Any CPU.ActiveCfg = Debug|Any CPU
		{0CAB1E5D-11BC-4922-992B-9AF575ED7D63}.Debug|Any CPU.Build.0 = Debug|Any CPU
		{0CAB1E5D-11BC-4922-992B-9AF575ED7D63}.Release|Any CPU.ActiveCfg = Release|Any CPU
		{0CAB1E5D-11BC-4922-992B-9AF575ED7D63}.Release|Any CPU.Build.0 = Release|Any CPU
		{24A04659-86F4-4718-81CC-308BE0B8BCE7}.Debug|Any CPU.ActiveCfg = Debug|Any CPU
		{24A04659-86F4-4718-81CC-308BE0B8BCE7}.Debug|Any CPU.Build.0 = Debug|Any CPU
		{24A04659-86F4-4718-81CC-308BE0B8BCE7}.Release|Any CPU.ActiveCfg = Release|Any CPU
		{24A04659-86F4-4718-81CC-308BE0B8BCE7}.Release|Any CPU.Build.0 = Release|Any CPU
		{D1A0A9F6-3BD8-4659-9C2A-AA9FE05C19F0}.Debug|Any CPU.ActiveCfg = Debug|Any CPU
		{D1A0A9F6-3BD8-4659-9C2A-AA9FE05C19F0}.Debug|Any CPU.Build.0 = Debug|Any CPU
		{D1A0A9F6-3BD8-4659-9C2A-AA9FE05C19F0}.Release|Any CPU.ActiveCfg = Release|Any CPU
		{D1A0A9F6-3BD8-4659-9C2A-AA9FE05C19F0}.Release|Any CPU.Build.0 = Release|Any CPU
	EndGlobalSection
	GlobalSection(SolutionProperties) = preSolution
		HideSolutionNode = FALSE
	EndGlobalSection
	GlobalSection(NestedProjects) = preSolution
		{0CAB1E5D-11BC-4922-992B-9AF575ED7D63} = {4C7ADA79-510C-4252-A774-98F3ABFED46D}
		{24A04659-86F4-4718-81CC-308BE0B8BCE7} = {4C7ADA79-510C-4252-A774-98F3ABFED46D}
		{D1A0A9F6-3BD8-4659-9C2A-AA9FE05C19F0} = {4C7ADA79-510C-4252-A774-98F3ABFED46D}
	EndGlobalSection
EndGlobal
